
Microsoft Visual Studio Solution File, Format Version 12.00
# Visual Studio Version 16
VisualStudioVersion = 16.0.30223.230
MinimumVisualStudioVersion = 10.0.40219.1
Project("{FAE04EC0-301F-11D3-BF4B-00C04F79EFBC}") = "Ranak_Pinak", "Ranak_Pinak\Ranak_Pinak.csproj", "{C2869369-29E2-4FA4-A55A-92A8AFE6DC75}"
EndProject
Global
	GlobalSection(SolutionConfigurationPlatforms) = preSolution
		Debug|Any CPU = Debug|Any CPU
		Release|Any CPU = Release|Any CPU
	EndGlobalSection
	GlobalSection(ProjectConfigurationPlatforms) = postSolution
		{C2869369-29E2-4FA4-A55A-92A8AFE6DC75}.Debug|Any CPU.ActiveCfg = Debug|Any CPU
		{C2869369-29E2-4FA4-A55A-92A8AFE6DC75}.Debug|Any CPU.Build.0 = Debug|Any CPU
		{C2869369-29E2-4FA4-A55A-92A8AFE6DC75}.Release|Any CPU.ActiveCfg = Release|Any CPU
		{C2869369-29E2-4FA4-A55A-92A8AFE6DC75}.Release|Any CPU.Build.0 = Release|Any CPU
	EndGlobalSection
	GlobalSection(SolutionProperties) = preSolution
		HideSolutionNode = FALSE
	EndGlobalSection
	GlobalSection(ExtensibilityGlobals) = postSolution
		SolutionGuid = {158CC9A4-6D99-4317-A846-28E0D8CFA9C3}
	EndGlobalSection
EndGlobal
